// !$*UTF8*$!
{
	archiveVersion = 1;
	classes = {
	};
	objectVersion = 56;
	objects = {

/* Begin PBXBuildFile section */
		F497F7812C5B9A1A00E8E1EF /* Jugabit_SubscriptionsApp.swift in Sources */ = {isa = PBXBuildFile; fileRef = F497F7802C5B9A1A00E8E1EF /* Jugabit_SubscriptionsApp.swift */; };
		F497F7832C5B9A1A00E8E1EF /* ContentView.swift in Sources */ = {isa = PBXBuildFile; fileRef = F497F7822C5B9A1A00E8E1EF /* ContentView.swift */; };
		F497F7852C5B9A1E00E8E1EF /* Assets.xcassets in Resources */ = {isa = PBXBuildFile; fileRef = F497F7842C5B9A1E00E8E1EF /* Assets.xcassets */; };
		F497F78F2C5B9A7400E8E1EF /* SubscriptionModel.swift in Sources */ = {isa = PBXBuildFile; fileRef = F497F78E2C5B9A7300E8E1EF /* SubscriptionModel.swift */; };
		F497F7912C5B9A9A00E8E1EF /* OnboardingView.swift in Sources */ = {isa = PBXBuildFile; fileRef = F497F7902C5B9A9A00E8E1EF /* OnboardingView.swift */; };
		F497F7952C5B9AF900E8E1EF /* SubscriptionsView.swift in Sources */ = {isa = PBXBuildFile; fileRef = F497F7942C5B9AF900E8E1EF /* SubscriptionsView.swift */; };
		F497F7972C5B9B0E00E8E1EF /* AddSubscriptionView.swift in Sources */ = {isa = PBXBuildFile; fileRef = F497F7962C5B9B0E00E8E1EF /* AddSubscriptionView.swift */; };
		F497F7992C5B9CD300E8E1EF /* ImagePicker.swift in Sources */ = {isa = PBXBuildFile; fileRef = F497F7982C5B9CD300E8E1EF /* ImagePicker.swift */; };
		F497F79B2C5BA04F00E8E1EF /* EditSubscriptionView.swift in Sources */ = {isa = PBXBuildFile; fileRef = F497F79A2C5BA04F00E8E1EF /* EditSubscriptionView.swift */; };
		F497F7A02C5BA56B00E8E1EF /* SuperTabBar in Frameworks */ = {isa = PBXBuildFile; productRef = F497F79F2C5BA56B00E8E1EF /* SuperTabBar */; };
		F497F7A22C5BA72400E8E1EF /* MainTab.swift in Sources */ = {isa = PBXBuildFile; fileRef = F497F7A12C5BA72400E8E1EF /* MainTab.swift */; };
		F497F7A42C5BABB200E8E1EF /* MainTabBarStyle.swift in Sources */ = {isa = PBXBuildFile; fileRef = F497F7A32C5BABB200E8E1EF /* MainTabBarStyle.swift */; };
		F497F7A62C5BABFB00E8E1EF /* MainTabBarView.swift in Sources */ = {isa = PBXBuildFile; fileRef = F497F7A52C5BABFB00E8E1EF /* MainTabBarView.swift */; };
		F497F7AA2C5BB08300E8E1EF /* InformationView.swift in Sources */ = {isa = PBXBuildFile; fileRef = F497F7A92C5BB08300E8E1EF /* InformationView.swift */; };
		F497F7AE2C5BB21400E8E1EF /* PeriodSelectionView.swift in Sources */ = {isa = PBXBuildFile; fileRef = F497F7AD2C5BB21400E8E1EF /* PeriodSelectionView.swift */; };
		F497F7B52C5BC22600E8E1EF /* BarChartView.swift in Sources */ = {isa = PBXBuildFile; fileRef = F497F7B42C5BC22600E8E1EF /* BarChartView.swift */; };
		F497F7B82C5BC5AF00E8E1EF /* PieSliceData.swift in Sources */ = {isa = PBXBuildFile; fileRef = F497F7B72C5BC5AF00E8E1EF /* PieSliceData.swift */; };
		F497F7BA2C5BC5BE00E8E1EF /* PieSliceView.swift in Sources */ = {isa = PBXBuildFile; fileRef = F497F7B92C5BC5BE00E8E1EF /* PieSliceView.swift */; };
		F497F7BC2C5C1E6700E8E1EF /* FileManagerHelper.swift in Sources */ = {isa = PBXBuildFile; fileRef = F497F7BB2C5C1E6700E8E1EF /* FileManagerHelper.swift */; };
		F497F7C02C5CA56C00E8E1EF /* list.json in Resources */ = {isa = PBXBuildFile; fileRef = F497F7BF2C5CA56C00E8E1EF /* list.json */; };
		F497F7C32C5CA5B100E8E1EF /* Lottie in Frameworks */ = {isa = PBXBuildFile; productRef = F497F7C22C5CA5B100E8E1EF /* Lottie */; };
		F497F7C82C5CABB800E8E1EF /* loop.json in Resources */ = {isa = PBXBuildFile; fileRef = F497F7C72C5CABB800E8E1EF /* loop.json */; };
/* End PBXBuildFile section */

/* Begin PBXFileReference section */
		F497F77D2C5B9A1A00E8E1EF /* Jugabit-Subscriptions.app */ = {isa = PBXFileReference; explicitFileType = wrapper.application; includeInIndex = 0; path = "Jugabit-Subscriptions.app"; sourceTree = BUILT_PRODUCTS_DIR; };
		F497F7802C5B9A1A00E8E1EF /* Jugabit_SubscriptionsApp.swift */ = {isa = PBXFileReference; lastKnownFileType = sourcecode.swift; path = Jugabit_SubscriptionsApp.swift; sourceTree = "<group>"; };
		F497F7822C5B9A1A00E8E1EF /* ContentView.swift */ = {isa = PBXFileReference; lastKnownFileType = sourcecode.swift; path = ContentView.swift; sourceTree = "<group>"; };
		F497F7842C5B9A1E00E8E1EF /* Assets.xcassets */ = {isa = PBXFileReference; lastKnownFileType = folder.assetcatalog; path = Assets.xcassets; sourceTree = "<group>"; };
		F497F78E2C5B9A7300E8E1EF /* SubscriptionModel.swift */ = {isa = PBXFileReference; lastKnownFileType = sourcecode.swift; path = SubscriptionModel.swift; sourceTree = "<group>"; };
		F497F7902C5B9A9A00E8E1EF /* OnboardingView.swift */ = {isa = PBXFileReference; lastKnownFileType = sourcecode.swift; path = OnboardingView.swift; sourceTree = "<group>"; };
		F497F7942C5B9AF900E8E1EF /* SubscriptionsView.swift */ = {isa = PBXFileReference; lastKnownFileType = sourcecode.swift; path = SubscriptionsView.swift; sourceTree = "<group>"; };
		F497F7962C5B9B0E00E8E1EF /* AddSubscriptionView.swift */ = {isa = PBXFileReference; lastKnownFileType = sourcecode.swift; path = AddSubscriptionView.swift; sourceTree = "<group>"; };
		F497F7982C5B9CD300E8E1EF /* ImagePicker.swift */ = {isa = PBXFileReference; lastKnownFileType = sourcecode.swift; path = ImagePicker.swift; sourceTree = "<group>"; };
		F497F79A2C5BA04F00E8E1EF /* EditSubscriptionView.swift */ = {isa = PBXFileReference; lastKnownFileType = sourcecode.swift; path = EditSubscriptionView.swift; sourceTree = "<group>"; };
		F497F7A12C5BA72400E8E1EF /* MainTab.swift */ = {isa = PBXFileReference; lastKnownFileType = sourcecode.swift; path = MainTab.swift; sourceTree = "<group>"; };
		F497F7A32C5BABB200E8E1EF /* MainTabBarStyle.swift */ = {isa = PBXFileReference; lastKnownFileType = sourcecode.swift; path = MainTabBarStyle.swift; sourceTree = "<group>"; };
		F497F7A52C5BABFB00E8E1EF /* MainTabBarView.swift */ = {isa = PBXFileReference; lastKnownFileType = sourcecode.swift; path = MainTabBarView.swift; sourceTree = "<group>"; };
		F497F7A92C5BB08300E8E1EF /* InformationView.swift */ = {isa = PBXFileReference; lastKnownFileType = sourcecode.swift; path = InformationView.swift; sourceTree = "<group>"; };
		F497F7AD2C5BB21400E8E1EF /* PeriodSelectionView.swift */ = {isa = PBXFileReference; lastKnownFileType = sourcecode.swift; path = PeriodSelectionView.swift; sourceTree = "<group>"; };
		F497F7B42C5BC22600E8E1EF /* BarChartView.swift */ = {isa = PBXFileReference; lastKnownFileType = sourcecode.swift; path = BarChartView.swift; sourceTree = "<group>"; };
		F497F7B72C5BC5AF00E8E1EF /* PieSliceData.swift */ = {isa = PBXFileReference; lastKnownFileType = sourcecode.swift; path = PieSliceData.swift; sourceTree = "<group>"; };
		F497F7B92C5BC5BE00E8E1EF /* PieSliceView.swift */ = {isa = PBXFileReference; lastKnownFileType = sourcecode.swift; path = PieSliceView.swift; sourceTree = "<group>"; };
		F497F7BB2C5C1E6700E8E1EF /* FileManagerHelper.swift */ = {isa = PBXFileReference; lastKnownFileType = sourcecode.swift; path = FileManagerHelper.swift; sourceTree = "<group>"; };
		F497F7BF2C5CA56C00E8E1EF /* list.json */ = {isa = PBXFileReference; fileEncoding = 4; lastKnownFileType = text.json; path = list.json; sourceTree = "<group>"; };
		F497F7C72C5CABB800E8E1EF /* loop.json */ = {isa = PBXFileReference; fileEncoding = 4; lastKnownFileType = text.json; path = loop.json; sourceTree = "<group>"; };
/* End PBXFileReference section */

/* Begin PBXFrameworksBuildPhase section */
		F497F77A2C5B9A1A00E8E1EF /* Frameworks */ = {
			isa = PBXFrameworksBuildPhase;
			buildActionMask = 2147483647;
			files = (
				F497F7A02C5BA56B00E8E1EF /* SuperTabBar in Frameworks */,
				F497F7C32C5CA5B100E8E1EF /* Lottie in Frameworks */,
			);
			runOnlyForDeploymentPostprocessing = 0;
		};
/* End PBXFrameworksBuildPhase section */

/* Begin PBXGroup section */
		F497F7742C5B9A1A00E8E1EF = {
			isa = PBXGroup;
			children = (
				F497F77F2C5B9A1A00E8E1EF /* Jugabit-Subscriptions */,
				F497F77E2C5B9A1A00E8E1EF /* Products */,
			);
			sourceTree = "<group>";
		};
		F497F77E2C5B9A1A00E8E1EF /* Products */ = {
			isa = PBXGroup;
			children = (
				F497F77D2C5B9A1A00E8E1EF /* Jugabit-Subscriptions.app */,
			);
			name = Products;
			sourceTree = "<group>";
		};
		F497F77F2C5B9A1A00E8E1EF /* Jugabit-Subscriptions */ = {
			isa = PBXGroup;
			children = (
				F497F7C62C5CAA7A00E8E1EF /* Model */,
				F497F7BD2C5CA54100E8E1EF /* Resources */,
				F497F7B62C5BC59500E8E1EF /* BarChart */,
				F497F7982C5B9CD300E8E1EF /* ImagePicker.swift */,
				F497F7802C5B9A1A00E8E1EF /* Jugabit_SubscriptionsApp.swift */,
				F497F7822C5B9A1A00E8E1EF /* ContentView.swift */,
				F497F7902C5B9A9A00E8E1EF /* OnboardingView.swift */,
				F497F7AD2C5BB21400E8E1EF /* PeriodSelectionView.swift */,
				F497F7942C5B9AF900E8E1EF /* SubscriptionsView.swift */,
				F497F7A92C5BB08300E8E1EF /* InformationView.swift */,
				F497F7962C5B9B0E00E8E1EF /* AddSubscriptionView.swift */,
				F497F79A2C5BA04F00E8E1EF /* EditSubscriptionView.swift */,
				F497F7A12C5BA72400E8E1EF /* MainTab.swift */,
				F497F7A32C5BABB200E8E1EF /* MainTabBarStyle.swift */,
				F497F7A52C5BABFB00E8E1EF /* MainTabBarView.swift */,
				F497F7BB2C5C1E6700E8E1EF /* FileManagerHelper.swift */,
			);
			path = "Jugabit-Subscriptions";
			sourceTree = "<group>";
		};
		F497F7B62C5BC59500E8E1EF /* BarChart */ = {
			isa = PBXGroup;
			children = (
				F497F7B42C5BC22600E8E1EF /* BarChartView.swift */,
				F497F7B72C5BC5AF00E8E1EF /* PieSliceData.swift */,
				F497F7B92C5BC5BE00E8E1EF /* PieSliceView.swift */,
			);
			path = BarChart;
			sourceTree = "<group>";
		};
		F497F7BD2C5CA54100E8E1EF /* Resources */ = {
			isa = PBXGroup;
			children = (
				F497F7BE2C5CA54F00E8E1EF /* Lottie-Files */,
				F497F7842C5B9A1E00E8E1EF /* Assets.xcassets */,
			);
			path = Resources;
			sourceTree = "<group>";
		};
		F497F7BE2C5CA54F00E8E1EF /* Lottie-Files */ = {
			isa = PBXGroup;
			children = (
				F497F7C72C5CABB800E8E1EF /* loop.json */,
				F497F7BF2C5CA56C00E8E1EF /* list.json */,
			);
			path = "Lottie-Files";
			sourceTree = "<group>";
		};
		F497F7C62C5CAA7A00E8E1EF /* Model */ = {
			isa = PBXGroup;
			children = (
				F497F78E2C5B9A7300E8E1EF /* SubscriptionModel.swift */,
			);
			path = Model;
			sourceTree = "<group>";
		};
/* End PBXGroup section */

/* Begin PBXNativeTarget section */
		F497F77C2C5B9A1A00E8E1EF /* Jugabit-Subscriptions */ = {
			isa = PBXNativeTarget;
			buildConfigurationList = F497F78B2C5B9A1E00E8E1EF /* Build configuration list for PBXNativeTarget "Jugabit-Subscriptions" */;
			buildPhases = (
				F497F7792C5B9A1A00E8E1EF /* Sources */,
				F497F77A2C5B9A1A00E8E1EF /* Frameworks */,
				F497F77B2C5B9A1A00E8E1EF /* Resources */,
			);
			buildRules = (
			);
			dependencies = (
			);
			name = "Jugabit-Subscriptions";
			packageProductDependencies = (
				F497F79F2C5BA56B00E8E1EF /* SuperTabBar */,
				F497F7C22C5CA5B100E8E1EF /* Lottie */,
			);
			productName = "Jugabit-Subscriptions";
			productReference = F497F77D2C5B9A1A00E8E1EF /* Jugabit-Subscriptions.app */;
			productType = "com.apple.product-type.application";
		};
/* End PBXNativeTarget section */

/* Begin PBXProject section */
		F497F7752C5B9A1A00E8E1EF /* Project object */ = {
			isa = PBXProject;
			attributes = {
				BuildIndependentTargetsInParallel = 1;
				LastSwiftUpdateCheck = 1540;
				LastUpgradeCheck = 1540;
				TargetAttributes = {
					F497F77C2C5B9A1A00E8E1EF = {
						CreatedOnToolsVersion = 15.4;
					};
				};
			};
			buildConfigurationList = F497F7782C5B9A1A00E8E1EF /* Build configuration list for PBXProject "Jugabit-Subscriptions" */;
			compatibilityVersion = "Xcode 14.0";
			developmentRegion = en;
			hasScannedForEncodings = 0;
			knownRegions = (
				en,
				Base,
			);
			mainGroup = F497F7742C5B9A1A00E8E1EF;
			packageReferences = (
				F497F79E2C5BA56B00E8E1EF /* XCRemoteSwiftPackageReference "SuperTabBar" */,
				F497F7C12C5CA5B100E8E1EF /* XCRemoteSwiftPackageReference "lottie-spm" */,
			);
			productRefGroup = F497F77E2C5B9A1A00E8E1EF /* Products */;
			projectDirPath = "";
			projectRoot = "";
			targets = (
				F497F77C2C5B9A1A00E8E1EF /* Jugabit-Subscriptions */,
			);
		};
/* End PBXProject section */

/* Begin PBXResourcesBuildPhase section */
		F497F77B2C5B9A1A00E8E1EF /* Resources */ = {
			isa = PBXResourcesBuildPhase;
			buildActionMask = 2147483647;
			files = (
				F497F7852C5B9A1E00E8E1EF /* Assets.xcassets in Resources */,
				F497F7C02C5CA56C00E8E1EF /* list.json in Resources */,
				F497F7C82C5CABB800E8E1EF /* loop.json in Resources */,
			);
			runOnlyForDeploymentPostprocessing = 0;
		};
/* End PBXResourcesBuildPhase section */

/* Begin PBXSourcesBuildPhase section */
		F497F7792C5B9A1A00E8E1EF /* Sources */ = {
			isa = PBXSourcesBuildPhase;
			buildActionMask = 2147483647;
			files = (
				F497F7AA2C5BB08300E8E1EF /* InformationView.swift in Sources */,
				F497F79B2C5BA04F00E8E1EF /* EditSubscriptionView.swift in Sources */,
				F497F7832C5B9A1A00E8E1EF /* ContentView.swift in Sources */,
				F497F7972C5B9B0E00E8E1EF /* AddSubscriptionView.swift in Sources */,
				F497F7912C5B9A9A00E8E1EF /* OnboardingView.swift in Sources */,
				F497F7B52C5BC22600E8E1EF /* BarChartView.swift in Sources */,
				F497F7BA2C5BC5BE00E8E1EF /* PieSliceView.swift in Sources */,
				F497F7A62C5BABFB00E8E1EF /* MainTabBarView.swift in Sources */,
				F497F7B82C5BC5AF00E8E1EF /* PieSliceData.swift in Sources */,
				F497F7BC2C5C1E6700E8E1EF /* FileManagerHelper.swift in Sources */,
				F497F7952C5B9AF900E8E1EF /* SubscriptionsView.swift in Sources */,
				F497F7992C5B9CD300E8E1EF /* ImagePicker.swift in Sources */,
				F497F7A22C5BA72400E8E1EF /* MainTab.swift in Sources */,
				F497F7A42C5BABB200E8E1EF /* MainTabBarStyle.swift in Sources */,
				F497F78F2C5B9A7400E8E1EF /* SubscriptionModel.swift in Sources */,
				F497F7812C5B9A1A00E8E1EF /* Jugabit_SubscriptionsApp.swift in Sources */,
				F497F7AE2C5BB21400E8E1EF /* PeriodSelectionView.swift in Sources */,
			);
			runOnlyForDeploymentPostprocessing = 0;
		};
/* End PBXSourcesBuildPhase section */

/* Begin XCBuildConfiguration section */
		F497F7892C5B9A1E00E8E1EF /* Debug */ = {
			isa = XCBuildConfiguration;
			buildSettings = {
				ALWAYS_SEARCH_USER_PATHS = NO;
				ASSETCATALOG_COMPILER_GENERATE_SWIFT_ASSET_SYMBOL_EXTENSIONS = YES;
				CLANG_ANALYZER_NONNULL = YES;
				CLANG_ANALYZER_NUMBER_OBJECT_CONVERSION = YES_AGGRESSIVE;
				CLANG_CXX_LANGUAGE_STANDARD = "gnu++20";
				CLANG_ENABLE_MODULES = YES;
				CLANG_ENABLE_OBJC_ARC = YES;
				CLANG_ENABLE_OBJC_WEAK = YES;
				CLANG_WARN_BLOCK_CAPTURE_AUTORELEASING = YES;
				CLANG_WARN_BOOL_CONVERSION = YES;
				CLANG_WARN_COMMA = YES;
				CLANG_WARN_CONSTANT_CONVERSION = YES;
				CLANG_WARN_DEPRECATED_OBJC_IMPLEMENTATIONS = YES;
				CLANG_WARN_DIRECT_OBJC_ISA_USAGE = YES_ERROR;
				CLANG_WARN_DOCUMENTATION_COMMENTS = YES;
				CLANG_WARN_EMPTY_BODY = YES;
				CLANG_WARN_ENUM_CONVERSION = YES;
				CLANG_WARN_INFINITE_RECURSION = YES;
				CLANG_WARN_INT_CONVERSION = YES;
				CLANG_WARN_NON_LITERAL_NULL_CONVERSION = YES;
				CLANG_WARN_OBJC_IMPLICIT_RETAIN_SELF = YES;
				CLANG_WARN_OBJC_LITERAL_CONVERSION = YES;
				CLANG_WARN_OBJC_ROOT_CLASS = YES_ERROR;
				CLANG_WARN_QUOTED_INCLUDE_IN_FRAMEWORK_HEADER = YES;
				CLANG_WARN_RANGE_LOOP_ANALYSIS = YES;
				CLANG_WARN_STRICT_PROTOTYPES = YES;
				CLANG_WARN_SUSPICIOUS_MOVE = YES;
				CLANG_WARN_UNGUARDED_AVAILABILITY = YES_AGGRESSIVE;
				CLANG_WARN_UNREACHABLE_CODE = YES;
				CLANG_WARN__DUPLICATE_METHOD_MATCH = YES;
				COPY_PHASE_STRIP = NO;
				DEBUG_INFORMATION_FORMAT = dwarf;
				ENABLE_STRICT_OBJC_MSGSEND = YES;
				ENABLE_TESTABILITY = YES;
				ENABLE_USER_SCRIPT_SANDBOXING = YES;
				GCC_C_LANGUAGE_STANDARD = gnu17;
				GCC_DYNAMIC_NO_PIC = NO;
				GCC_NO_COMMON_BLOCKS = YES;
				GCC_OPTIMIZATION_LEVEL = 0;
				GCC_PREPROCESSOR_DEFINITIONS = (
					"DEBUG=1",
					"$(inherited)",
				);
				GCC_WARN_64_TO_32_BIT_CONVERSION = YES;
				GCC_WARN_ABOUT_RETURN_TYPE = YES_ERROR;
				GCC_WARN_UNDECLARED_SELECTOR = YES;
				GCC_WARN_UNINITIALIZED_AUTOS = YES_AGGRESSIVE;
				GCC_WARN_UNUSED_FUNCTION = YES;
				GCC_WARN_UNUSED_VARIABLE = YES;
				IPHONEOS_DEPLOYMENT_TARGET = 15.0;
				LOCALIZATION_PREFERS_STRING_CATALOGS = YES;
				MTL_ENABLE_DEBUG_INFO = INCLUDE_SOURCE;
				MTL_FAST_MATH = YES;
				ONLY_ACTIVE_ARCH = YES;
				SDKROOT = iphoneos;
				SWIFT_ACTIVE_COMPILATION_CONDITIONS = "DEBUG $(inherited)";
				SWIFT_OPTIMIZATION_LEVEL = "-Onone";
			};
			name = Debug;
		};
		F497F78A2C5B9A1E00E8E1EF /* Release */ = {
			isa = XCBuildConfiguration;
			buildSettings = {
				ALWAYS_SEARCH_USER_PATHS = NO;
				ASSETCATALOG_COMPILER_GENERATE_SWIFT_ASSET_SYMBOL_EXTENSIONS = YES;
				CLANG_ANALYZER_NONNULL = YES;
				CLANG_ANALYZER_NUMBER_OBJECT_CONVERSION = YES_AGGRESSIVE;
				CLANG_CXX_LANGUAGE_STANDARD = "gnu++20";
				CLANG_ENABLE_MODULES = YES;
				CLANG_ENABLE_OBJC_ARC = YES;
				CLANG_ENABLE_OBJC_WEAK = YES;
				CLANG_WARN_BLOCK_CAPTURE_AUTORELEASING = YES;
				CLANG_WARN_BOOL_CONVERSION = YES;
				CLANG_WARN_COMMA = YES;
				CLANG_WARN_CONSTANT_CONVERSION = YES;
				CLANG_WARN_DEPRECATED_OBJC_IMPLEMENTATIONS = YES;
				CLANG_WARN_DIRECT_OBJC_ISA_USAGE = YES_ERROR;
				CLANG_WARN_DOCUMENTATION_COMMENTS = YES;
				CLANG_WARN_EMPTY_BODY = YES;
				CLANG_WARN_ENUM_CONVERSION = YES;
				CLANG_WARN_INFINITE_RECURSION = YES;
				CLANG_WARN_INT_CONVERSION = YES;
				CLANG_WARN_NON_LITERAL_NULL_CONVERSION = YES;
				CLANG_WARN_OBJC_IMPLICIT_RETAIN_SELF = YES;
				CLANG_WARN_OBJC_LITERAL_CONVERSION = YES;
				CLANG_WARN_OBJC_ROOT_CLASS = YES_ERROR;
				CLANG_WARN_QUOTED_INCLUDE_IN_FRAMEWORK_HEADER = YES;
				CLANG_WARN_RANGE_LOOP_ANALYSIS = YES;
				CLANG_WARN_STRICT_PROTOTYPES = YES;
				CLANG_WARN_SUSPICIOUS_MOVE = YES;
				CLANG_WARN_UNGUARDED_AVAILABILITY = YES_AGGRESSIVE;
				CLANG_WARN_UNREACHABLE_CODE = YES;
				CLANG_WARN__DUPLICATE_METHOD_MATCH = YES;
				COPY_PHASE_STRIP = NO;
				DEBUG_INFORMATION_FORMAT = "dwarf-with-dsym";
				ENABLE_NS_ASSERTIONS = NO;
				ENABLE_STRICT_OBJC_MSGSEND = YES;
				ENABLE_USER_SCRIPT_SANDBOXING = YES;
				GCC_C_LANGUAGE_STANDARD = gnu17;
				GCC_NO_COMMON_BLOCKS = YES;
				GCC_WARN_64_TO_32_BIT_CONVERSION = YES;
				GCC_WARN_ABOUT_RETURN_TYPE = YES_ERROR;
				GCC_WARN_UNDECLARED_SELECTOR = YES;
				GCC_WARN_UNINITIALIZED_AUTOS = YES_AGGRESSIVE;
				GCC_WARN_UNUSED_FUNCTION = YES;
				GCC_WARN_UNUSED_VARIABLE = YES;
				IPHONEOS_DEPLOYMENT_TARGET = 15.0;
				LOCALIZATION_PREFERS_STRING_CATALOGS = YES;
				MTL_ENABLE_DEBUG_INFO = NO;
				MTL_FAST_MATH = YES;
				SDKROOT = iphoneos;
				SWIFT_COMPILATION_MODE = wholemodule;
				VALIDATE_PRODUCT = YES;
			};
			name = Release;
		};
		F497F78C2C5B9A1E00E8E1EF /* Debug */ = {
			isa = XCBuildConfiguration;
			buildSettings = {
				ASSETCATALOG_COMPILER_APPICON_NAME = AppIcon;
				ASSETCATALOG_COMPILER_GLOBAL_ACCENT_COLOR_NAME = AccentColor;
				CODE_SIGN_STYLE = Manual;
				CURRENT_PROJECT_VERSION = 1;
				DEVELOPMENT_TEAM = "";
				ENABLE_PREVIEWS = YES;
				GENERATE_INFOPLIST_FILE = YES;
				INFOPLIST_KEY_CFBundleDisplayName = "Jugabit Subs";
				INFOPLIST_KEY_UIApplicationSceneManifest_Generation = YES;
				INFOPLIST_KEY_UIApplicationSupportsIndirectInputEvents = YES;
				INFOPLIST_KEY_UILaunchScreen_Generation = YES;
				INFOPLIST_KEY_UISupportedInterfaceOrientations_iPad = "UIInterfaceOrientationPortrait UIInterfaceOrientationPortraitUpsideDown UIInterfaceOrientationLandscapeLeft UIInterfaceOrientationLandscapeRight";
				INFOPLIST_KEY_UISupportedInterfaceOrientations_iPhone = "UIInterfaceOrientationPortrait UIInterfaceOrientationLandscapeLeft UIInterfaceOrientationLandscapeRight";
				LD_RUNPATH_SEARCH_PATHS = (
					"$(inherited)",
					"@executable_path/Frameworks",
				);
				MARKETING_VERSION = 1.0;
				PRODUCT_BUNDLE_IDENTIFIER = com.jugabit.subscriptions.app;
				PRODUCT_NAME = "$(TARGET_NAME)";
				PROVISIONING_PROFILE_SPECIFIER = "";
				SUPPORTED_PLATFORMS = "iphoneos iphonesimulator";
				SUPPORTS_MACCATALYST = NO;
				SUPPORTS_MAC_DESIGNED_FOR_IPHONE_IPAD = NO;
				SUPPORTS_XR_DESIGNED_FOR_IPHONE_IPAD = NO;
				SWIFT_EMIT_LOC_STRINGS = YES;
				SWIFT_VERSION = 5.0;
				TARGETED_DEVICE_FAMILY = 1;
			};
			name = Debug;
		};
		F497F78D2C5B9A1E00E8E1EF /* Release */ = {
			isa = XCBuildConfiguration;
			buildSettings = {
				ASSETCATALOG_COMPILER_APPICON_NAME = AppIcon;
				ASSETCATALOG_COMPILER_GLOBAL_ACCENT_COLOR_NAME = AccentColor;
				CODE_SIGN_STYLE = Manual;
				CURRENT_PROJECT_VERSION = 1;
				DEVELOPMENT_TEAM = "";
				ENABLE_PREVIEWS = YES;
				GENERATE_INFOPLIST_FILE = YES;
				INFOPLIST_KEY_CFBundleDisplayName = "Jugabit Subs";
				INFOPLIST_KEY_UIApplicationSceneManifest_Generation = YES;
				INFOPLIST_KEY_UIApplicationSupportsIndirectInputEvents = YES;
				INFOPLIST_KEY_UILaunchScreen_Generation = YES;
				INFOPLIST_KEY_UISupportedInterfaceOrientations_iPad = "UIInterfaceOrientationPortrait UIInterfaceOrientationPortraitUpsideDown UIInterfaceOrientationLandscapeLeft UIInterfaceOrientationLandscapeRight";
				INFOPLIST_KEY_UISupportedInterfaceOrientations_iPhone = "UIInterfaceOrientationPortrait UIInterfaceOrientationLandscapeLeft UIInterfaceOrientationLandscapeRight";
				LD_RUNPATH_SEARCH_PATHS = (
					"$(inherited)",
					"@executable_path/Frameworks",
				);
				MARKETING_VERSION = 1.0;
				PRODUCT_BUNDLE_IDENTIFIER = com.jugabit.subscriptions.app;
				PRODUCT_NAME = "$(TARGET_NAME)";
				PROVISIONING_PROFILE_SPECIFIER = "";
				SUPPORTED_PLATFORMS = "iphoneos iphonesimulator";
				SUPPORTS_MACCATALYST = NO;
				SUPPORTS_MAC_DESIGNED_FOR_IPHONE_IPAD = NO;
				SUPPORTS_XR_DESIGNED_FOR_IPHONE_IPAD = NO;
				SWIFT_EMIT_LOC_STRINGS = YES;
				SWIFT_VERSION = 5.0;
				TARGETED_DEVICE_FAMILY = 1;
			};
			name = Release;
		};
/* End XCBuildConfiguration section */

/* Begin XCConfigurationList section */
		F497F7782C5B9A1A00E8E1EF /* Build configuration list for PBXProject "Jugabit-Subscriptions" */ = {
			isa = XCConfigurationList;
			buildConfigurations = (
				F497F7892C5B9A1E00E8E1EF /* Debug */,
				F497F78A2C5B9A1E00E8E1EF /* Release */,
			);
			defaultConfigurationIsVisible = 0;
			defaultConfigurationName = Release;
		};
		F497F78B2C5B9A1E00E8E1EF /* Build configuration list for PBXNativeTarget "Jugabit-Subscriptions" */ = {
			isa = XCConfigurationList;
			buildConfigurations = (
				F497F78C2C5B9A1E00E8E1EF /* Debug */,
				F497F78D2C5B9A1E00E8E1EF /* Release */,
			);
			defaultConfigurationIsVisible = 0;
			defaultConfigurationName = Release;
		};
/* End XCConfigurationList section */

/* Begin XCRemoteSwiftPackageReference section */
		F497F79E2C5BA56B00E8E1EF /* XCRemoteSwiftPackageReference "SuperTabBar" */ = {
			isa = XCRemoteSwiftPackageReference;
			repositoryURL = "https://github.com/daniil108/SuperTabBar";
			requirement = {
				kind = upToNextMajorVersion;
				minimumVersion = 1.0.0;
			};
		};
		F497F7C12C5CA5B100E8E1EF /* XCRemoteSwiftPackageReference "lottie-spm" */ = {
			isa = XCRemoteSwiftPackageReference;
			repositoryURL = "https://github.com/airbnb/lottie-spm.git";
			requirement = {
				kind = upToNextMajorVersion;
				minimumVersion = 4.5.0;
			};
		};
/* End XCRemoteSwiftPackageReference section */

/* Begin XCSwiftPackageProductDependency section */
		F497F79F2C5BA56B00E8E1EF /* SuperTabBar */ = {
			isa = XCSwiftPackageProductDependency;
			package = F497F79E2C5BA56B00E8E1EF /* XCRemoteSwiftPackageReference "SuperTabBar" */;
			productName = SuperTabBar;
		};
		F497F7C22C5CA5B100E8E1EF /* Lottie */ = {
			isa = XCSwiftPackageProductDependency;
			package = F497F7C12C5CA5B100E8E1EF /* XCRemoteSwiftPackageReference "lottie-spm" */;
			productName = Lottie;
		};
/* End XCSwiftPackageProductDependency section */
	};
	rootObject = F497F7752C5B9A1A00E8E1EF /* Project object */;
}
