{
  "originHash" : "3618a7371060534030d1a5153e030e3243368c0914618151d7a8a2f3e437ecad",
  "pins" : [
    {
      "identity" : "lottie-spm",
      "kind" : "remoteSourceControl",
      "location" : "https://github.com/airbnb/lottie-spm.git",
      "state" : {
        "revision" : "b842598f1295f3ffa1475b1580672d1fe5b83580",
        "version" : "4.5.0"
      }
    },
    {
      "identity" : "supertabbar",
      "kind" : "remoteSourceControl",
      "location" : "https://github.com/daniil108/SuperTabBar",
      "state" : {
        "revision" : "d59a8065904d949ce271c6eb8a3e0af5028a956e",
        "version" : "1.0.0"
      }
    }
  ],
  "version" : 3
}
